{
  "name": "cli-whitelist-wrapper",
  "lockfileVersion": 3,
  "requires": true,
  "packages": {
    "": {
      "name": "cli-whitelist-wrapper",
      "workspaces": [
        "packages/guards/cli",
        "packages/transports/argv",
        "packages/products/cli-argv"
      ]
    },
    "node_modules/@caprail/cli-argv": {
      "resolved": "packages/products/cli-argv",
      "link": true
    },
    "node_modules/@caprail/guard-cli": {
      "resolved": "packages/guards/cli",
      "link": true
    },
    "node_modules/@caprail/transport-argv": {
      "resolved": "packages/transports/argv",
      "link": true
    },
    "node_modules/yaml": {
      "version": "2.8.3",
      "resolved": "https://registry.npmjs.org/yaml/-/yaml-2.8.3.tgz",
      "integrity": "sha512-AvbaCLOO2Otw/lW5bmh9d/WEdcDFdQp2Z2ZUH3pX9U2ihyUY0nvLv7J6TrWowklRGPYbB/IuIMfYgxaCPg5Bpg==",
      "license": "ISC",
      "bin": {
        "yaml": "bin.mjs"
      },
      "engines": {
        "node": ">= 14.6"
      },
      "funding": {
        "url": "https://github.com/sponsors/eemeli"
      }
    },
    "packages/guards/cli": {
      "name": "@caprail/guard-cli",
      "version": "0.1.0",
      "dependencies": {
        "yaml": "^2.8.1"
      },
      "engines": {
        "node": ">=18"
      }
    },
    "packages/products/cli": {
      "name": "@caprail/cli-argv",
      "version": "0.1.0",
      "extraneous": true,
      "dependencies": {
        "@caprail/guard-cli": "0.1.0",
        "@caprail/transport-argv": "0.1.0"
      },
      "bin": {
        "caprail-cli": "bin/caprail-cli.js"
      },
      "engines": {
        "node": ">=18"
      }
    },
    "packages/products/cli-argv": {
      "name": "@caprail/cli-argv",
      "version": "0.1.0",
      "dependencies": {
        "@caprail/guard-cli": "0.1.0",
        "@caprail/transport-argv": "0.1.0"
      },
      "bin": {
        "caprail-cli": "bin/caprail-cli.js"
      },
      "engines": {
        "node": ">=18"
      }
    },
    "packages/transports/argv": {
      "name": "@caprail/transport-argv",
      "version": "0.1.0",
      "engines": {
        "node": ">=18"
      }
    }
  }
}
